# THIS IS AN AUTOGENERATED FILE. DO NOT EDIT THIS FILE DIRECTLY.
# yarn lockfile v1


"@intlify/core-base@9.9.1":
  version "9.9.1"
  resolved "https://registry.yarnpkg.com/@intlify/core-base/-/core-base-9.9.1.tgz#97ff0a98bf416c3f895e2a4fbcb0da353326b71a"
  integrity sha512-qsV15dg7jNX2faBRyKMgZS8UcFJViWEUPLdzZ9UR0kQZpFVeIpc0AG7ZOfeP7pX2T9SQ5jSiorq/tii9nkkafA==
  dependencies:
    "@intlify/message-compiler" "9.9.1"
    "@intlify/shared" "9.9.1"

"@intlify/message-compiler@9.9.1":
  version "9.9.1"
  resolved "https://registry.yarnpkg.com/@intlify/message-compiler/-/message-compiler-9.9.1.tgz#4cd9c5a408be27784928e4cd57a77ea6ddb17e56"
  integrity sha512-zTvP6X6HeumHOXuAE1CMMsV6tTX+opKMOxO1OHTCg5N5Sm/F7d8o2jdT6W6L5oHUsJ/vvkGefHIs7Q3hfowmsA==
  dependencies:
    "@intlify/shared" "9.9.1"
    source-map-js "^1.0.2"

"@intlify/shared@9.9.1":
  version "9.9.1"
  resolved "https://registry.yarnpkg.com/@intlify/shared/-/shared-9.9.1.tgz#b602d012b35f6c336b29a8098296dfac96a005f5"
  integrity sha512-b3Pta1nwkz5rGq434v0psHwEwHGy1pYCttfcM22IE//K9owbpkEvFptx9VcuRAxjQdrO2If249cmDDjBu5wMDA==

"@vue/devtools-api@^6.5.0":
  version "6.6.1"
  resolved "https://registry.yarnpkg.com/@vue/devtools-api/-/devtools-api-6.6.1.tgz#7c14346383751d9f6ad4bea0963245b30220ef83"
  integrity sha512-LgPscpE3Vs0x96PzSSB4IGVSZXZBZHpfxs+ZA1d+VEPwHdOXowy/Y2CsvCAIFrf+ssVU1pD1jidj505EpUnfbA==

cypress-file-upload@^5.0.8:
  version "5.0.8"
  resolved "https://registry.yarnpkg.com/cypress-file-upload/-/cypress-file-upload-5.0.8.tgz#d8824cbeaab798e44be8009769f9a6c9daa1b4a1"
  integrity sha512-+8VzNabRk3zG6x8f8BWArF/xA/W0VK4IZNx3MV0jFWrJS/qKn8eHfa5nU73P9fOQAgwHFJx7zjg4lwOnljMO8g==

source-map-js@^1.0.2:
  version "1.0.2"
  resolved "https://registry.yarnpkg.com/source-map-js/-/source-map-js-1.0.2.tgz#adbc361d9c62df380125e7f161f71c826f1e490c"
  integrity sha512-R0XvVJ9WusLiqTCEiGCmICCMplcCkIwwR11mOSD9CR5u+IXYdiseeEuXCVAjS54zqwkLcPNnmU4OeJ6tUrWhDw==

vue-i18n@^9.9.1:
  version "9.9.1"
  resolved "https://registry.yarnpkg.com/vue-i18n/-/vue-i18n-9.9.1.tgz#3c2fdf3c9db430572a1246439d541d01e2795c06"
  integrity sha512-xyQ4VspLdNSPTKBFBPWa1tvtj+9HuockZwgFeD2OhxxXuC2CWeNvV4seu2o9+vbQOyQbhAM5Ez56oxUrrnTWdw==
  dependencies:
    "@intlify/core-base" "9.9.1"
    "@intlify/shared" "9.9.1"
    "@vue/devtools-api" "^6.5.0"
